
Microsoft Visual Studio Solution File, Format Version 12.00
# Visual Studio Version 16
VisualStudioVersion = 16.0.30320.27
MinimumVisualStudioVersion = 10.0.40219.1
Project("{FAE04EC0-301F-11D3-BF4B-00C04F79EFBC}") = "Alice-VK", "Alice-VK\Alice-VK.csproj", "{AC86C137-56E2-4877-8269-D09E0EF4A200}"
EndProject
Global
	GlobalSection(SolutionConfigurationPlatforms) = preSolution
		Debug|Any CPU = Debug|Any CPU
		Release|Any CPU = Release|Any CPU
	EndGlobalSection
	GlobalSection(ProjectConfigurationPlatforms) = postSolution
		{AC86C137-56E2-4877-8269-D09E0EF4A200}.Debug|Any CPU.ActiveCfg = Debug|Any CPU
		{AC86C137-56E2-4877-8269-D09E0EF4A200}.Debug|Any CPU.Build.0 = Debug|Any CPU
		{AC86C137-56E2-4877-8269-D09E0EF4A200}.Release|Any CPU.ActiveCfg = Release|Any CPU
		{AC86C137-56E2-4877-8269-D09E0EF4A200}.Release|Any CPU.Build.0 = Release|Any CPU
	EndGlobalSection
	GlobalSection(SolutionProperties) = preSolution
		HideSolutionNode = FALSE
	EndGlobalSection
	GlobalSection(ExtensibilityGlobals) = postSolution
		SolutionGuid = {C07D45B2-91B8-4E22-BB48-FCF37459BF09}
	EndGlobalSection
EndGlobal
